
Microsoft Visual Studio Solution File, Format Version 12.00
# Visual Studio 14
VisualStudioVersion = 14.0.25420.1
MinimumVisualStudioVersion = 10.0.40219.1
Project("{FAE04EC0-301F-11D3-BF4B-00C04F79EFBC}") = "Coding Challenge 13", "Coding Challenge 13\Coding Challenge 13.csproj", "{D5C24B13-C1DC-4034-BE26-2D32F6C9DDDD}"
EndProject
Global
	GlobalSection(SolutionConfigurationPlatforms) = preSolution
		Debug|Any CPU = Debug|Any CPU
		Release|Any CPU = Release|Any CPU
	EndGlobalSection
	GlobalSection(ProjectConfigurationPlatforms) = postSolution
		{D5C24B13-C1DC-4034-BE26-2D32F6C9DDDD}.Debug|Any CPU.ActiveCfg = Debug|Any CPU
		{D5C24B13-C1DC-4034-BE26-2D32F6C9DDDD}.Debug|Any CPU.Build.0 = Debug|Any CPU
		{D5C24B13-C1DC-4034-BE26-2D32F6C9DDDD}.Release|Any CPU.ActiveCfg = Release|Any CPU
		{D5C24B13-C1DC-4034-BE26-2D32F6C9DDDD}.Release|Any CPU.Build.0 = Release|Any CPU
	EndGlobalSection
	GlobalSection(SolutionProperties) = preSolution
		HideSolutionNode = FALSE
	EndGlobalSection
EndGlobal
